
Microsoft Visual Studio Solution File, Format Version 11.00
# Visual Studio 2010
Project("{FAE04EC0-301F-11D3-BF4B-00C04F79EFBC}") = "Assembly-CSharp", "Assembly-CSharp.csproj", "{C43527C4-CF3B-30CC-D258-164F20FD4BEE}"
EndProject
Project("{FAE04EC0-301F-11D3-BF4B-00C04F79EFBC}") = "NavMeshComponents", "NavMeshComponents.csproj", "{CF5E93B2-77BF-8BF0-40A7-51CCCD5D0FBF}"
EndProject
Project("{FAE04EC0-301F-11D3-BF4B-00C04F79EFBC}") = "Assembly-CSharp-Editor", "Assembly-CSharp-Editor.csproj", "{972526AF-C9DB-A06D-2E9D-D0BCC458945D}"
EndProject
Project("{FAE04EC0-301F-11D3-BF4B-00C04F79EFBC}") = "NavMeshComponentsEditor", "NavMeshComponentsEditor.csproj", "{019F81FB-BDFF-1C21-6C2C-DD6D0DC557E7}"
EndProject
Global
	GlobalSection(SolutionConfigurationPlatforms) = preSolution
		Debug|Any CPU = Debug|Any CPU
		Release|Any CPU = Release|Any CPU
	EndGlobalSection
	GlobalSection(ProjectConfigurationPlatforms) = postSolution
		{C43527C4-CF3B-30CC-D258-164F20FD4BEE}.Debug|Any CPU.ActiveCfg = Debug|Any CPU
		{C43527C4-CF3B-30CC-D258-164F20FD4BEE}.Debug|Any CPU.Build.0 = Debug|Any CPU
		{C43527C4-CF3B-30CC-D258-164F20FD4BEE}.Release|Any CPU.ActiveCfg = Release|Any CPU
		{C43527C4-CF3B-30CC-D258-164F20FD4BEE}.Release|Any CPU.Build.0 = Release|Any CPU
		{CF5E93B2-77BF-8BF0-40A7-51CCCD5D0FBF}.Debug|Any CPU.ActiveCfg = Debug|Any CPU
		{CF5E93B2-77BF-8BF0-40A7-51CCCD5D0FBF}.Debug|Any CPU.Build.0 = Debug|Any CPU
		{CF5E93B2-77BF-8BF0-40A7-51CCCD5D0FBF}.Release|Any CPU.ActiveCfg = Release|Any CPU
		{CF5E93B2-77BF-8BF0-40A7-51CCCD5D0FBF}.Release|Any CPU.Build.0 = Release|Any CPU
		{972526AF-C9DB-A06D-2E9D-D0BCC458945D}.Debug|Any CPU.ActiveCfg = Debug|Any CPU
		{972526AF-C9DB-A06D-2E9D-D0BCC458945D}.Debug|Any CPU.Build.0 = Debug|Any CPU
		{972526AF-C9DB-A06D-2E9D-D0BCC458945D}.Release|Any CPU.ActiveCfg = Release|Any CPU
		{972526AF-C9DB-A06D-2E9D-D0BCC458945D}.Release|Any CPU.Build.0 = Release|Any CPU
		{019F81FB-BDFF-1C21-6C2C-DD6D0DC557E7}.Debug|Any CPU.ActiveCfg = Debug|Any CPU
		{019F81FB-BDFF-1C21-6C2C-DD6D0DC557E7}.Debug|Any CPU.Build.0 = Debug|Any CPU
		{019F81FB-BDFF-1C21-6C2C-DD6D0DC557E7}.Release|Any CPU.ActiveCfg = Release|Any CPU
		{019F81FB-BDFF-1C21-6C2C-DD6D0DC557E7}.Release|Any CPU.Build.0 = Release|Any CPU
	EndGlobalSection
	GlobalSection(SolutionProperties) = preSolution
		HideSolutionNode = FALSE
	EndGlobalSection
EndGlobal
